
Microsoft Visual Studio Solution File, Format Version 12.00
# Visual Studio Version 16
VisualStudioVersion = 16.0.30611.23
MinimumVisualStudioVersion = 10.0.40219.1
Project("{FAE04EC0-301F-11D3-BF4B-00C04F79EFBC}") = "RNGCryptoServiceProviderH4", "RNGCryptoServiceProviderH4.csproj", "{DD9FC83B-1480-4DF9-9F0E-4B24BAC0D2FB}"
EndProject
Global
	GlobalSection(SolutionConfigurationPlatforms) = preSolution
		Debug|Any CPU = Debug|Any CPU
		Release|Any CPU = Release|Any CPU
	EndGlobalSection
	GlobalSection(ProjectConfigurationPlatforms) = postSolution
		{DD9FC83B-1480-4DF9-9F0E-4B24BAC0D2FB}.Debug|Any CPU.ActiveCfg = Debug|Any CPU
		{DD9FC83B-1480-4DF9-9F0E-4B24BAC0D2FB}.Debug|Any CPU.Build.0 = Debug|Any CPU
		{DD9FC83B-1480-4DF9-9F0E-4B24BAC0D2FB}.Release|Any CPU.ActiveCfg = Release|Any CPU
		{DD9FC83B-1480-4DF9-9F0E-4B24BAC0D2FB}.Release|Any CPU.Build.0 = Release|Any CPU
	EndGlobalSection
	GlobalSection(SolutionProperties) = preSolution
		HideSolutionNode = FALSE
	EndGlobalSection
	GlobalSection(ExtensibilityGlobals) = postSolution
		SolutionGuid = {2BB0BF3C-B84F-4390-8E49-CD7268E4DD64}
	EndGlobalSection
EndGlobal
